
Microsoft Visual Studio Solution File, Format Version 11.00
# Visual Studio 2010
Project("{8BC9CEB8-8B4A-11D0-8D11-00A0C91BC942}") = "BMP6", "BMP6\BMP6.vcxproj", "{3F1367CF-6A77-42C2-AF88-1F0BEF29152A}"
EndProject
Global
	GlobalSection(SolutionConfigurationPlatforms) = preSolution
		Debug|Win32 = Debug|Win32
		Release|Win32 = Release|Win32
	EndGlobalSection
	GlobalSection(ProjectConfigurationPlatforms) = postSolution
		{3F1367CF-6A77-42C2-AF88-1F0BEF29152A}.Debug|Win32.ActiveCfg = Debug|Win32
		{3F1367CF-6A77-42C2-AF88-1F0BEF29152A}.Debug|Win32.Build.0 = Debug|Win32
		{3F1367CF-6A77-42C2-AF88-1F0BEF29152A}.Release|Win32.ActiveCfg = Release|Win32
		{3F1367CF-6A77-42C2-AF88-1F0BEF29152A}.Release|Win32.Build.0 = Release|Win32
	EndGlobalSection
	GlobalSection(SolutionProperties) = preSolution
		HideSolutionNode = FALSE
	EndGlobalSection
EndGlobal
